// !$*UTF8*$!
{
	archiveVersion = 1;
	classes = {
	};
	objectVersion = 50;
	objects = {

/* Begin PBXBuildFile section */
		2742147623B5D9BF0008E448 /* ExploreTableViewCell.swift in Sources */ = {isa = PBXBuildFile; fileRef = 2742147423B5D9BF0008E448 /* ExploreTableViewCell.swift */; };
		2742147723B5D9BF0008E448 /* ExploreTableViewCell.xib in Resources */ = {isa = PBXBuildFile; fileRef = 2742147523B5D9BF0008E448 /* ExploreTableViewCell.xib */; };
		2742147923B5DBA10008E448 /* ExploreCollectionView.swift in Sources */ = {isa = PBXBuildFile; fileRef = 2742147823B5DBA10008E448 /* ExploreCollectionView.swift */; };
		2742147B23B5DD1A0008E448 /* ExploreCollectionView.xib in Resources */ = {isa = PBXBuildFile; fileRef = 2742147A23B5DD1A0008E448 /* ExploreCollectionView.xib */; };
		2742147D23B5E7070008E448 /* Helpers.swift in Sources */ = {isa = PBXBuildFile; fileRef = 2742147C23B5E7070008E448 /* Helpers.swift */; };
		2742148023B5F5A80008E448 /* ExploreCollectionViewCell.swift in Sources */ = {isa = PBXBuildFile; fileRef = 2742147E23B5F5A80008E448 /* ExploreCollectionViewCell.swift */; };
		2742148123B5F5A80008E448 /* ExploreCollectionViewCell.xib in Resources */ = {isa = PBXBuildFile; fileRef = 2742147F23B5F5A80008E448 /* ExploreCollectionViewCell.xib */; };
		27834EE823B5D09500651EE9 /* AppDelegate.swift in Sources */ = {isa = PBXBuildFile; fileRef = 27834EE723B5D09500651EE9 /* AppDelegate.swift */; };
		27834EEA23B5D09500651EE9 /* SceneDelegate.swift in Sources */ = {isa = PBXBuildFile; fileRef = 27834EE923B5D09500651EE9 /* SceneDelegate.swift */; };
		27834EEC23B5D09500651EE9 /* ExploreViewController.swift in Sources */ = {isa = PBXBuildFile; fileRef = 27834EEB23B5D09500651EE9 /* ExploreViewController.swift */; };
		27834EEF23B5D09500651EE9 /* Main.storyboard in Resources */ = {isa = PBXBuildFile; fileRef = 27834EED23B5D09500651EE9 /* Main.storyboard */; };
		27834EF123B5D09700651EE9 /* Assets.xcassets in Resources */ = {isa = PBXBuildFile; fileRef = 27834EF023B5D09700651EE9 /* Assets.xcassets */; };
		27834EF423B5D09700651EE9 /* LaunchScreen.storyboard in Resources */ = {isa = PBXBuildFile; fileRef = 27834EF223B5D09700651EE9 /* LaunchScreen.storyboard */; };
		27834EFC23B5D2C100651EE9 /* ExploreViewModel.swift in Sources */ = {isa = PBXBuildFile; fileRef = 27834EFB23B5D2C100651EE9 /* ExploreViewModel.swift */; };
		27834EFE23B5D30900651EE9 /* Category.swift in Sources */ = {isa = PBXBuildFile; fileRef = 27834EFD23B5D30900651EE9 /* Category.swift */; };
		27834F0023B5D3F600651EE9 /* assignment.json in Resources */ = {isa = PBXBuildFile; fileRef = 27834EFF23B5D3F600651EE9 /* assignment.json */; };
/* End PBXBuildFile section */

/* Begin PBXFileReference section */
		2742147423B5D9BF0008E448 /* ExploreTableViewCell.swift */ = {isa = PBXFileReference; lastKnownFileType = sourcecode.swift; path = ExploreTableViewCell.swift; sourceTree = "<group>"; };
		2742147523B5D9BF0008E448 /* ExploreTableViewCell.xib */ = {isa = PBXFileReference; lastKnownFileType = file.xib; path = ExploreTableViewCell.xib; sourceTree = "<group>"; };
		2742147823B5DBA10008E448 /* ExploreCollectionView.swift */ = {isa = PBXFileReference; lastKnownFileType = sourcecode.swift; path = ExploreCollectionView.swift; sourceTree = "<group>"; };
		2742147A23B5DD1A0008E448 /* ExploreCollectionView.xib */ = {isa = PBXFileReference; lastKnownFileType = file.xib; path = ExploreCollectionView.xib; sourceTree = "<group>"; };
		2742147C23B5E7070008E448 /* Helpers.swift */ = {isa = PBXFileReference; lastKnownFileType = sourcecode.swift; path = Helpers.swift; sourceTree = "<group>"; };
		2742147E23B5F5A80008E448 /* ExploreCollectionViewCell.swift */ = {isa = PBXFileReference; lastKnownFileType = sourcecode.swift; path = ExploreCollectionViewCell.swift; sourceTree = "<group>"; };
		2742147F23B5F5A80008E448 /* ExploreCollectionViewCell.xib */ = {isa = PBXFileReference; lastKnownFileType = file.xib; path = ExploreCollectionViewCell.xib; sourceTree = "<group>"; };
		27834EE423B5D09500651EE9 /* Rumble.app */ = {isa = PBXFileReference; explicitFileType = wrapper.application; includeInIndex = 0; path = Rumble.app; sourceTree = BUILT_PRODUCTS_DIR; };
		27834EE723B5D09500651EE9 /* AppDelegate.swift */ = {isa = PBXFileReference; lastKnownFileType = sourcecode.swift; path = AppDelegate.swift; sourceTree = "<group>"; };
		27834EE923B5D09500651EE9 /* SceneDelegate.swift */ = {isa = PBXFileReference; lastKnownFileType = sourcecode.swift; path = SceneDelegate.swift; sourceTree = "<group>"; };
		27834EEB23B5D09500651EE9 /* ExploreViewController.swift */ = {isa = PBXFileReference; lastKnownFileType = sourcecode.swift; path = ExploreViewController.swift; sourceTree = "<group>"; };
		27834EEE23B5D09500651EE9 /* Base */ = {isa = PBXFileReference; lastKnownFileType = file.storyboard; name = Base; path = Base.lproj/Main.storyboard; sourceTree = "<group>"; };
		27834EF023B5D09700651EE9 /* Assets.xcassets */ = {isa = PBXFileReference; lastKnownFileType = folder.assetcatalog; path = Assets.xcassets; sourceTree = "<group>"; };
		27834EF323B5D09700651EE9 /* Base */ = {isa = PBXFileReference; lastKnownFileType = file.storyboard; name = Base; path = Base.lproj/LaunchScreen.storyboard; sourceTree = "<group>"; };
		27834EF523B5D09700651EE9 /* Info.plist */ = {isa = PBXFileReference; lastKnownFileType = text.plist.xml; path = Info.plist; sourceTree = "<group>"; };
		27834EFB23B5D2C100651EE9 /* ExploreViewModel.swift */ = {isa = PBXFileReference; lastKnownFileType = sourcecode.swift; path = ExploreViewModel.swift; sourceTree = "<group>"; };
		27834EFD23B5D30900651EE9 /* Category.swift */ = {isa = PBXFileReference; lastKnownFileType = sourcecode.swift; path = Category.swift; sourceTree = "<group>"; };
		27834EFF23B5D3F600651EE9 /* assignment.json */ = {isa = PBXFileReference; fileEncoding = 4; lastKnownFileType = text.json; path = assignment.json; sourceTree = "<group>"; };
/* End PBXFileReference section */

/* Begin PBXFrameworksBuildPhase section */
		27834EE123B5D09500651EE9 /* Frameworks */ = {
			isa = PBXFrameworksBuildPhase;
			buildActionMask = 2147483647;
			files = (
			);
			runOnlyForDeploymentPostprocessing = 0;
		};
/* End PBXFrameworksBuildPhase section */

/* Begin PBXGroup section */
		27834EDB23B5D09500651EE9 = {
			isa = PBXGroup;
			children = (
				27834EE623B5D09500651EE9 /* Rumble */,
				27834EE523B5D09500651EE9 /* Products */,
			);
			sourceTree = "<group>";
		};
		27834EE523B5D09500651EE9 /* Products */ = {
			isa = PBXGroup;
			children = (
				27834EE423B5D09500651EE9 /* Rumble.app */,
			);
			name = Products;
			sourceTree = "<group>";
		};
		27834EE623B5D09500651EE9 /* Rumble */ = {
			isa = PBXGroup;
			children = (
				27834F0523B5D7A700651EE9 /* Cells */,
				27834F0423B5D78C00651EE9 /* Resources */,
				27834F0323B5D77E00651EE9 /* Views */,
				27834F0223B5D77100651EE9 /* ViewModels */,
				27834F0123B5D76700651EE9 /* Models */,
				27834EE723B5D09500651EE9 /* AppDelegate.swift */,
				27834EE923B5D09500651EE9 /* SceneDelegate.swift */,
				27834EED23B5D09500651EE9 /* Main.storyboard */,
				27834EF023B5D09700651EE9 /* Assets.xcassets */,
				27834EF223B5D09700651EE9 /* LaunchScreen.storyboard */,
				27834EF523B5D09700651EE9 /* Info.plist */,
			);
			path = Rumble;
			sourceTree = "<group>";
		};
		27834F0123B5D76700651EE9 /* Models */ = {
			isa = PBXGroup;
			children = (
				27834EFD23B5D30900651EE9 /* Category.swift */,
			);
			path = Models;
			sourceTree = "<group>";
		};
		27834F0223B5D77100651EE9 /* ViewModels */ = {
			isa = PBXGroup;
			children = (
				27834EFB23B5D2C100651EE9 /* ExploreViewModel.swift */,
			);
			path = ViewModels;
			sourceTree = "<group>";
		};
		27834F0323B5D77E00651EE9 /* Views */ = {
			isa = PBXGroup;
			children = (
				27834EEB23B5D09500651EE9 /* ExploreViewController.swift */,
				2742147823B5DBA10008E448 /* ExploreCollectionView.swift */,
				2742147A23B5DD1A0008E448 /* ExploreCollectionView.xib */,
			);
			path = Views;
			sourceTree = "<group>";
		};
		27834F0423B5D78C00651EE9 /* Resources */ = {
			isa = PBXGroup;
			children = (
				27834EFF23B5D3F600651EE9 /* assignment.json */,
				2742147C23B5E7070008E448 /* Helpers.swift */,
			);
			path = Resources;
			sourceTree = "<group>";
		};
		27834F0523B5D7A700651EE9 /* Cells */ = {
			isa = PBXGroup;
			children = (
				2742147423B5D9BF0008E448 /* ExploreTableViewCell.swift */,
				2742147523B5D9BF0008E448 /* ExploreTableViewCell.xib */,
				2742147E23B5F5A80008E448 /* ExploreCollectionViewCell.swift */,
				2742147F23B5F5A80008E448 /* ExploreCollectionViewCell.xib */,
			);
			path = Cells;
			sourceTree = "<group>";
		};
/* End PBXGroup section */

/* Begin PBXNativeTarget section */
		27834EE323B5D09500651EE9 /* Rumble */ = {
			isa = PBXNativeTarget;
			buildConfigurationList = 27834EF823B5D09700651EE9 /* Build configuration list for PBXNativeTarget "Rumble" */;
			buildPhases = (
				27834EE023B5D09500651EE9 /* Sources */,
				27834EE123B5D09500651EE9 /* Frameworks */,
				27834EE223B5D09500651EE9 /* Resources */,
			);
			buildRules = (
			);
			dependencies = (
			);
			name = Rumble;
			productName = Rumble;
			productReference = 27834EE423B5D09500651EE9 /* Rumble.app */;
			productType = "com.apple.product-type.application";
		};
/* End PBXNativeTarget section */

/* Begin PBXProject section */
		27834EDC23B5D09500651EE9 /* Project object */ = {
			isa = PBXProject;
			attributes = {
				LastSwiftUpdateCheck = 1130;
				LastUpgradeCheck = 1130;
				ORGANIZATIONNAME = PavanPowani;
				TargetAttributes = {
					27834EE323B5D09500651EE9 = {
						CreatedOnToolsVersion = 11.3;
					};
				};
			};
			buildConfigurationList = 27834EDF23B5D09500651EE9 /* Build configuration list for PBXProject "Rumble" */;
			compatibilityVersion = "Xcode 9.3";
			developmentRegion = en;
			hasScannedForEncodings = 0;
			knownRegions = (
				en,
				Base,
			);
			mainGroup = 27834EDB23B5D09500651EE9;
			productRefGroup = 27834EE523B5D09500651EE9 /* Products */;
			projectDirPath = "";
			projectRoot = "";
			targets = (
				27834EE323B5D09500651EE9 /* Rumble */,
			);
		};
/* End PBXProject section */

/* Begin PBXResourcesBuildPhase section */
		27834EE223B5D09500651EE9 /* Resources */ = {
			isa = PBXResourcesBuildPhase;
			buildActionMask = 2147483647;
			files = (
				27834F0023B5D3F600651EE9 /* assignment.json in Resources */,
				2742147723B5D9BF0008E448 /* ExploreTableViewCell.xib in Resources */,
				27834EF423B5D09700651EE9 /* LaunchScreen.storyboard in Resources */,
				27834EF123B5D09700651EE9 /* Assets.xcassets in Resources */,
				2742147B23B5DD1A0008E448 /* ExploreCollectionView.xib in Resources */,
				27834EEF23B5D09500651EE9 /* Main.storyboard in Resources */,
				2742148123B5F5A80008E448 /* ExploreCollectionViewCell.xib in Resources */,
			);
			runOnlyForDeploymentPostprocessing = 0;
		};
/* End PBXResourcesBuildPhase section */

/* Begin PBXSourcesBuildPhase section */
		27834EE023B5D09500651EE9 /* Sources */ = {
			isa = PBXSourcesBuildPhase;
			buildActionMask = 2147483647;
			files = (
				27834EFC23B5D2C100651EE9 /* ExploreViewModel.swift in Sources */,
				27834EFE23B5D30900651EE9 /* Category.swift in Sources */,
				27834EEC23B5D09500651EE9 /* ExploreViewController.swift in Sources */,
				2742147D23B5E7070008E448 /* Helpers.swift in Sources */,
				2742148023B5F5A80008E448 /* ExploreCollectionViewCell.swift in Sources */,
				2742147623B5D9BF0008E448 /* ExploreTableViewCell.swift in Sources */,
				2742147923B5DBA10008E448 /* ExploreCollectionView.swift in Sources */,
				27834EE823B5D09500651EE9 /* AppDelegate.swift in Sources */,
				27834EEA23B5D09500651EE9 /* SceneDelegate.swift in Sources */,
			);
			runOnlyForDeploymentPostprocessing = 0;
		};
/* End PBXSourcesBuildPhase section */

/* Begin PBXVariantGroup section */
		27834EED23B5D09500651EE9 /* Main.storyboard */ = {
			isa = PBXVariantGroup;
			children = (
				27834EEE23B5D09500651EE9 /* Base */,
			);
			name = Main.storyboard;
			sourceTree = "<group>";
		};
		27834EF223B5D09700651EE9 /* LaunchScreen.storyboard */ = {
			isa = PBXVariantGroup;
			children = (
				27834EF323B5D09700651EE9 /* Base */,
			);
			name = LaunchScreen.storyboard;
			sourceTree = "<group>";
		};
/* End PBXVariantGroup section */

/* Begin XCBuildConfiguration section */
		27834EF623B5D09700651EE9 /* Debug */ = {
			isa = XCBuildConfiguration;
			buildSettings = {
				ALWAYS_SEARCH_USER_PATHS = NO;
				CLANG_ANALYZER_NONNULL = YES;
				CLANG_ANALYZER_NUMBER_OBJECT_CONVERSION = YES_AGGRESSIVE;
				CLANG_CXX_LANGUAGE_STANDARD = "gnu++14";
				CLANG_CXX_LIBRARY = "libc++";
				CLANG_ENABLE_MODULES = YES;
				CLANG_ENABLE_OBJC_ARC = YES;
				CLANG_ENABLE_OBJC_WEAK = YES;
				CLANG_WARN_BLOCK_CAPTURE_AUTORELEASING = YES;
				CLANG_WARN_BOOL_CONVERSION = YES;
				CLANG_WARN_COMMA = YES;
				CLANG_WARN_CONSTANT_CONVERSION = YES;
				CLANG_WARN_DEPRECATED_OBJC_IMPLEMENTATIONS = YES;
				CLANG_WARN_DIRECT_OBJC_ISA_USAGE = YES_ERROR;
				CLANG_WARN_DOCUMENTATION_COMMENTS = YES;
				CLANG_WARN_EMPTY_BODY = YES;
				CLANG_WARN_ENUM_CONVERSION = YES;
				CLANG_WARN_INFINITE_RECURSION = YES;
				CLANG_WARN_INT_CONVERSION = YES;
				CLANG_WARN_NON_LITERAL_NULL_CONVERSION = YES;
				CLANG_WARN_OBJC_IMPLICIT_RETAIN_SELF = YES;
				CLANG_WARN_OBJC_LITERAL_CONVERSION = YES;
				CLANG_WARN_OBJC_ROOT_CLASS = YES_ERROR;
				CLANG_WARN_RANGE_LOOP_ANALYSIS = YES;
				CLANG_WARN_STRICT_PROTOTYPES = YES;
				CLANG_WARN_SUSPICIOUS_MOVE = YES;
				CLANG_WARN_UNGUARDED_AVAILABILITY = YES_AGGRESSIVE;
				CLANG_WARN_UNREACHABLE_CODE = YES;
				CLANG_WARN__DUPLICATE_METHOD_MATCH = YES;
				COPY_PHASE_STRIP = NO;
				DEBUG_INFORMATION_FORMAT = dwarf;
				ENABLE_STRICT_OBJC_MSGSEND = YES;
				ENABLE_TESTABILITY = YES;
				GCC_C_LANGUAGE_STANDARD = gnu11;
				GCC_DYNAMIC_NO_PIC = NO;
				GCC_NO_COMMON_BLOCKS = YES;
				GCC_OPTIMIZATION_LEVEL = 0;
				GCC_PREPROCESSOR_DEFINITIONS = (
					"DEBUG=1",
					"$(inherited)",
				);
				GCC_WARN_64_TO_32_BIT_CONVERSION = YES;
				GCC_WARN_ABOUT_RETURN_TYPE = YES_ERROR;
				GCC_WARN_UNDECLARED_SELECTOR = YES;
				GCC_WARN_UNINITIALIZED_AUTOS = YES_AGGRESSIVE;
				GCC_WARN_UNUSED_FUNCTION = YES;
				GCC_WARN_UNUSED_VARIABLE = YES;
				IPHONEOS_DEPLOYMENT_TARGET = 13.2;
				MTL_ENABLE_DEBUG_INFO = INCLUDE_SOURCE;
				MTL_FAST_MATH = YES;
				ONLY_ACTIVE_ARCH = YES;
				SDKROOT = iphoneos;
				SWIFT_ACTIVE_COMPILATION_CONDITIONS = DEBUG;
				SWIFT_OPTIMIZATION_LEVEL = "-Onone";
			};
			name = Debug;
		};
		27834EF723B5D09700651EE9 /* Release */ = {
			isa = XCBuildConfiguration;
			buildSettings = {
				ALWAYS_SEARCH_USER_PATHS = NO;
				CLANG_ANALYZER_NONNULL = YES;
				CLANG_ANALYZER_NUMBER_OBJECT_CONVERSION = YES_AGGRESSIVE;
				CLANG_CXX_LANGUAGE_STANDARD = "gnu++14";
				CLANG_CXX_LIBRARY = "libc++";
				CLANG_ENABLE_MODULES = YES;
				CLANG_ENABLE_OBJC_ARC = YES;
				CLANG_ENABLE_OBJC_WEAK = YES;
				CLANG_WARN_BLOCK_CAPTURE_AUTORELEASING = YES;
				CLANG_WARN_BOOL_CONVERSION = YES;
				CLANG_WARN_COMMA = YES;
				CLANG_WARN_CONSTANT_CONVERSION = YES;
				CLANG_WARN_DEPRECATED_OBJC_IMPLEMENTATIONS = YES;
				CLANG_WARN_DIRECT_OBJC_ISA_USAGE = YES_ERROR;
				CLANG_WARN_DOCUMENTATION_COMMENTS = YES;
				CLANG_WARN_EMPTY_BODY = YES;
				CLANG_WARN_ENUM_CONVERSION = YES;
				CLANG_WARN_INFINITE_RECURSION = YES;
				CLANG_WARN_INT_CONVERSION = YES;
				CLANG_WARN_NON_LITERAL_NULL_CONVERSION = YES;
				CLANG_WARN_OBJC_IMPLICIT_RETAIN_SELF = YES;
				CLANG_WARN_OBJC_LITERAL_CONVERSION = YES;
				CLANG_WARN_OBJC_ROOT_CLASS = YES_ERROR;
				CLANG_WARN_RANGE_LOOP_ANALYSIS = YES;
				CLANG_WARN_STRICT_PROTOTYPES = YES;
				CLANG_WARN_SUSPICIOUS_MOVE = YES;
				CLANG_WARN_UNGUARDED_AVAILABILITY = YES_AGGRESSIVE;
				CLANG_WARN_UNREACHABLE_CODE = YES;
				CLANG_WARN__DUPLICATE_METHOD_MATCH = YES;
				COPY_PHASE_STRIP = NO;
				DEBUG_INFORMATION_FORMAT = "dwarf-with-dsym";
				ENABLE_NS_ASSERTIONS = NO;
				ENABLE_STRICT_OBJC_MSGSEND = YES;
				GCC_C_LANGUAGE_STANDARD = gnu11;
				GCC_NO_COMMON_BLOCKS = YES;
				GCC_WARN_64_TO_32_BIT_CONVERSION = YES;
				GCC_WARN_ABOUT_RETURN_TYPE = YES_ERROR;
				GCC_WARN_UNDECLARED_SELECTOR = YES;
				GCC_WARN_UNINITIALIZED_AUTOS = YES_AGGRESSIVE;
				GCC_WARN_UNUSED_FUNCTION = YES;
				GCC_WARN_UNUSED_VARIABLE = YES;
				IPHONEOS_DEPLOYMENT_TARGET = 13.2;
				MTL_ENABLE_DEBUG_INFO = NO;
				MTL_FAST_MATH = YES;
				SDKROOT = iphoneos;
				SWIFT_COMPILATION_MODE = wholemodule;
				SWIFT_OPTIMIZATION_LEVEL = "-O";
				VALIDATE_PRODUCT = YES;
			};
			name = Release;
		};
		27834EF923B5D09700651EE9 /* Debug */ = {
			isa = XCBuildConfiguration;
			buildSettings = {
				ASSETCATALOG_COMPILER_APPICON_NAME = AppIcon;
				CODE_SIGN_STYLE = Automatic;
				DEVELOPMENT_TEAM = 4GVXS3C4S6;
				INFOPLIST_FILE = Rumble/Info.plist;
				LD_RUNPATH_SEARCH_PATHS = (
					"$(inherited)",
					"@executable_path/Frameworks",
				);
				PRODUCT_BUNDLE_IDENTIFIER = com.pavanpowani.Rumble;
				PRODUCT_NAME = "$(TARGET_NAME)";
				SWIFT_VERSION = 5.0;
				TARGETED_DEVICE_FAMILY = "1,2";
			};
			name = Debug;
		};
		27834EFA23B5D09700651EE9 /* Release */ = {
			isa = XCBuildConfiguration;
			buildSettings = {
				ASSETCATALOG_COMPILER_APPICON_NAME = AppIcon;
				CODE_SIGN_STYLE = Automatic;
				DEVELOPMENT_TEAM = 4GVXS3C4S6;
				INFOPLIST_FILE = Rumble/Info.plist;
				LD_RUNPATH_SEARCH_PATHS = (
					"$(inherited)",
					"@executable_path/Frameworks",
				);
				PRODUCT_BUNDLE_IDENTIFIER = com.pavanpowani.Rumble;
				PRODUCT_NAME = "$(TARGET_NAME)";
				SWIFT_VERSION = 5.0;
				TARGETED_DEVICE_FAMILY = "1,2";
			};
			name = Release;
		};
/* End XCBuildConfiguration section */

/* Begin XCConfigurationList section */
		27834EDF23B5D09500651EE9 /* Build configuration list for PBXProject "Rumble" */ = {
			isa = XCConfigurationList;
			buildConfigurations = (
				27834EF623B5D09700651EE9 /* Debug */,
				27834EF723B5D09700651EE9 /* Release */,
			);
			defaultConfigurationIsVisible = 0;
			defaultConfigurationName = Release;
		};
		27834EF823B5D09700651EE9 /* Build configuration list for PBXNativeTarget "Rumble" */ = {
			isa = XCConfigurationList;
			buildConfigurations = (
				27834EF923B5D09700651EE9 /* Debug */,
				27834EFA23B5D09700651EE9 /* Release */,
			);
			defaultConfigurationIsVisible = 0;
			defaultConfigurationName = Release;
		};
/* End XCConfigurationList section */
	};
	rootObject = 27834EDC23B5D09500651EE9 /* Project object */;
}
